
Microsoft Visual Studio Solution File, Format Version 12.00
# Visual Studio Version 16
VisualStudioVersion = 16.0.30320.27
MinimumVisualStudioVersion = 10.0.40219.1
Project("{9A19103F-16F7-4668-BE54-9A1E7A4F7556}") = "RedBrain.Authentication", "RedBrain.Authentication.csproj", "{D17E9180-0CB8-4854-B4D3-D8C33C95D55C}"
EndProject
Global
	GlobalSection(SolutionConfigurationPlatforms) = preSolution
		Debug|Any CPU = Debug|Any CPU
		Release|Any CPU = Release|Any CPU
	EndGlobalSection
	GlobalSection(ProjectConfigurationPlatforms) = postSolution
		{D17E9180-0CB8-4854-B4D3-D8C33C95D55C}.Debug|Any CPU.ActiveCfg = Debug|Any CPU
		{D17E9180-0CB8-4854-B4D3-D8C33C95D55C}.Debug|Any CPU.Build.0 = Debug|Any CPU
		{D17E9180-0CB8-4854-B4D3-D8C33C95D55C}.Release|Any CPU.ActiveCfg = Release|Any CPU
		{D17E9180-0CB8-4854-B4D3-D8C33C95D55C}.Release|Any CPU.Build.0 = Release|Any CPU
	EndGlobalSection
	GlobalSection(SolutionProperties) = preSolution
		HideSolutionNode = FALSE
	EndGlobalSection
	GlobalSection(ExtensibilityGlobals) = postSolution
		SolutionGuid = {66617CB8-9C6A-4183-97FE-524B8156733E}
	EndGlobalSection
EndGlobal
